{
  "version": 4,
  "terraform_version": "1.6.4",
  "serial": 16,
  "lineage": "3a747d52-5466-7824-0882-9c091105af12",
  "outputs": {},
  "resources": [
    {
      "mode": "data",
      "type": "google_firebase_web_app_config",
      "name": "example",
      "provider": "provider[\"registry.terraform.io/hashicorp/google-beta\"]",
      "instances": [
        {
          "schema_version": 0,
          "attributes": {
            "api_key": "AIzaSyA-mAXWr0k4RLAgyKP3YBRB1JPrCDvGbt0",
            "auth_domain": "testegemini-5f266.firebaseapp.com",
            "database_url": "",
            "id": "1:702324080275:web:0f46044ee11c5d84061766",
            "location_id": "",
            "measurement_id": "",
            "messaging_sender_id": "702324080275",
            "project": "testegemini-5f266",
            "storage_bucket": "testegemini-5f266.firebasestorage.app",
            "web_app_id": "1:702324080275:web:0f46044ee11c5d84061766"
          },
          "sensitive_attributes": []
        }
      ]
    },
    {
      "mode": "data",
      "type": "google_project",
      "name": "project",
      "provider": "provider[\"registry.terraform.io/hashicorp/google-beta\"]",
      "instances": [
        {
          "schema_version": 0,
          "attributes": {
            "auto_create_network": null,
            "billing_account": null,
            "deletion_policy": "DELETE",
            "effective_labels": {
              "firebase": "enabled",
              "firebase-core": "disabled"
            },
            "folder_id": null,
            "id": "projects/testegemini-5f266",
            "labels": {
              "firebase": "enabled",
              "firebase-core": "disabled"
            },
            "name": "testegemini",
            "number": "702324080275",
            "org_id": null,
            "project_id": "testegemini-5f266",
            "skip_delete": null,
            "terraform_labels": {
              "firebase": "enabled",
              "firebase-core": "disabled"
            }
          },
          "sensitive_attributes": []
        }
      ]
    },
    {
      "mode": "managed",
      "type": "google_apikeys_key",
      "name": "generativelanguage",
      "provider": "provider[\"registry.terraform.io/hashicorp/google-beta\"]",
      "instances": [
        {
          "schema_version": 0,
          "attributes": {
            "display_name": "Gemini API Key",
            "id": "projects/testegemini-5f266/locations/global/keys/gemini-api-key",
            "key_string": "AIzaSyA3lY_3ipgbXGVw_zNVC7PIhKUsOobQAG4",
            "name": "gemini-api-key",
            "project": "testegemini-5f266",
            "restrictions": [
              {
                "android_key_restrictions": [],
                "api_targets": [
                  {
                    "methods": null,
                    "service": "generativelanguage.googleapis.com"
                  }
                ],
                "browser_key_restrictions": [
                  {
                    "allowed_referrers": [
                      "*"
                    ]
                  }
                ],
                "ios_key_restrictions": [],
                "server_key_restrictions": []
              }
            ],
            "timeouts": null,
            "uid": "3a53e193-a3eb-40bf-8db6-f92113130f3e"
          },
          "sensitive_attributes": [],
          "private": "eyJlMmJmYjczMC1lY2FhLTExZTYtOGY4OC0zNDM2M2JjN2M0YzAiOnsiY3JlYXRlIjoxMjAwMDAwMDAwMDAwLCJkZWxldGUiOjEyMDAwMDAwMDAwMDAsInVwZGF0ZSI6MTIwMDAwMDAwMDAwMH19",
          "dependencies": [
            "google_project_service.services"
          ]
        }
      ]
    },
    {
      "mode": "managed",
      "type": "google_firebase_web_app",
      "name": "example",
      "provider": "provider[\"registry.terraform.io/hashicorp/google-beta\"]",
      "instances": [
        {
          "schema_version": 0,
          "attributes": {
            "api_key_id": "963f4e22-deef-414d-855e-7beae1f0b404",
            "app_id": "1:702324080275:web:0f46044ee11c5d84061766",
            "app_urls": [],
            "deletion_policy": "DELETE",
            "display_name": "Make It So AI!",
            "id": "projects/testegemini-5f266/webApps/1:702324080275:web:0f46044ee11c5d84061766",
            "name": "projects/testegemini-5f266/webApps/1:702324080275:web:0f46044ee11c5d84061766",
            "project": "testegemini-5f266",
            "timeouts": null
          },
          "sensitive_attributes": [],
          "private": "eyJlMmJmYjczMC1lY2FhLTExZTYtOGY4OC0zNDM2M2JjN2M0YzAiOnsiY3JlYXRlIjoxMjAwMDAwMDAwMDAwLCJkZWxldGUiOjEyMDAwMDAwMDAwMDAsInVwZGF0ZSI6MTIwMDAwMDAwMDAwMH19"
        }
      ]
    },
    {
      "mode": "managed",
      "type": "google_firebaserules_release",
      "name": "firestore",
      "provider": "provider[\"registry.terraform.io/hashicorp/google-beta\"]",
      "instances": [
        {
          "schema_version": 0,
          "attributes": {
            "create_time": "2024-12-12T20:23:42.537360Z",
            "disabled": false,
            "id": "projects/testegemini-5f266/releases/cloud.firestore",
            "name": "cloud.firestore",
            "project": "testegemini-5f266",
            "ruleset_name": "43f553f7-031b-45c2-9652-80dbd3292500",
            "timeouts": null,
            "update_time": "2024-12-12T20:23:42.537360Z"
          },
          "sensitive_attributes": [],
          "private": "eyJlMmJmYjczMC1lY2FhLTExZTYtOGY4OC0zNDM2M2JjN2M0YzAiOnsiY3JlYXRlIjoxMjAwMDAwMDAwMDAwLCJkZWxldGUiOjEyMDAwMDAwMDAwMDB9fQ==",
          "dependencies": [
            "google_firebaserules_ruleset.firestore",
            "google_firestore_database.database",
            "google_project_service.services",
            "local_file.firestore_rules"
          ]
        }
      ]
    },
    {
      "mode": "managed",
      "type": "google_firebaserules_ruleset",
      "name": "firestore",
      "provider": "provider[\"registry.terraform.io/hashicorp/google-beta\"]",
      "instances": [
        {
          "schema_version": 0,
          "attributes": {
            "create_time": "2024-12-12T20:23:37.965037Z",
            "id": "projects/testegemini-5f266/rulesets/43f553f7-031b-45c2-9652-80dbd3292500",
            "metadata": [
              {
                "services": [
                  "cloud.firestore"
                ]
              }
            ],
            "name": "43f553f7-031b-45c2-9652-80dbd3292500",
            "project": "testegemini-5f266",
            "source": [
              {
                "files": [
                  {
                    "content": "service cloud.firestore {\n  match /databases/{database}/documents/{document=**} {\n    allow read, write: if request.auth != null \u0026\u0026 request.time \u003c timestamp.date(2025, 1, 11);\n  }\n}\n",
                    "fingerprint": "",
                    "name": "firestore.rules"
                  }
                ],
                "language": ""
              }
            ],
            "timeouts": null
          },
          "sensitive_attributes": [],
          "private": "eyJlMmJmYjczMC1lY2FhLTExZTYtOGY4OC0zNDM2M2JjN2M0YzAiOnsiY3JlYXRlIjoxMjAwMDAwMDAwMDAwLCJkZWxldGUiOjEyMDAwMDAwMDAwMDB9fQ==",
          "dependencies": [
            "google_firestore_database.database",
            "google_project_service.services",
            "local_file.firestore_rules"
          ]
        }
      ]
    },
    {
      "mode": "managed",
      "type": "google_firestore_database",
      "name": "database",
      "provider": "provider[\"registry.terraform.io/hashicorp/google-beta\"]",
      "instances": [
        {
          "schema_version": 0,
          "attributes": {
            "app_engine_integration_mode": "DISABLED",
            "cmek_config": [],
            "concurrency_mode": "PESSIMISTIC",
            "create_time": "",
            "delete_protection_state": "DELETE_PROTECTION_DISABLED",
            "deletion_policy": "ABANDON",
            "earliest_version_time": "2024-12-12T20:23:35.762608Z",
            "etag": "INTn1emHo4oDMLCFkumHo4oD",
            "id": "projects/testegemini-5f266/databases/(default)",
            "key_prefix": "",
            "location_id": "nam5",
            "name": "(default)",
            "point_in_time_recovery_enablement": "POINT_IN_TIME_RECOVERY_DISABLED",
            "project": "testegemini-5f266",
            "timeouts": null,
            "type": "FIRESTORE_NATIVE",
            "uid": "c8ebb7a0-4d03-4c29-af32-6555a0947ecf",
            "update_time": "",
            "version_retention_period": "3600s"
          },
          "sensitive_attributes": [],
          "private": "eyJlMmJmYjczMC1lY2FhLTExZTYtOGY4OC0zNDM2M2JjN2M0YzAiOnsiY3JlYXRlIjoxMjAwMDAwMDAwMDAwLCJkZWxldGUiOjEyMDAwMDAwMDAwMDAsInVwZGF0ZSI6MTIwMDAwMDAwMDAwMH19",
          "dependencies": [
            "google_project_service.services"
          ]
        }
      ]
    },
    {
      "mode": "managed",
      "type": "google_project_service",
      "name": "services",
      "provider": "provider[\"registry.terraform.io/hashicorp/google-beta\"]",
      "instances": [
        {
          "index_key": "apikeys.googleapis.com",
          "schema_version": 0,
          "attributes": {
            "check_if_service_has_usage_on_destroy": false,
            "disable_dependent_services": null,
            "disable_on_destroy": false,
            "id": "testegemini-5f266/apikeys.googleapis.com",
            "project": "testegemini-5f266",
            "service": "apikeys.googleapis.com",
            "timeouts": null
          },
          "sensitive_attributes": [],
          "private": "eyJlMmJmYjczMC1lY2FhLTExZTYtOGY4OC0zNDM2M2JjN2M0YzAiOnsiY3JlYXRlIjoxMjAwMDAwMDAwMDAwLCJkZWxldGUiOjEyMDAwMDAwMDAwMDAsInJlYWQiOjYwMDAwMDAwMDAwMCwidXBkYXRlIjoxMjAwMDAwMDAwMDAwfX0="
        },
        {
          "index_key": "firebaserules.googleapis.com",
          "schema_version": 0,
          "attributes": {
            "check_if_service_has_usage_on_destroy": false,
            "disable_dependent_services": null,
            "disable_on_destroy": false,
            "id": "testegemini-5f266/firebaserules.googleapis.com",
            "project": "testegemini-5f266",
            "service": "firebaserules.googleapis.com",
            "timeouts": null
          },
          "sensitive_attributes": [],
          "private": "eyJlMmJmYjczMC1lY2FhLTExZTYtOGY4OC0zNDM2M2JjN2M0YzAiOnsiY3JlYXRlIjoxMjAwMDAwMDAwMDAwLCJkZWxldGUiOjEyMDAwMDAwMDAwMDAsInJlYWQiOjYwMDAwMDAwMDAwMCwidXBkYXRlIjoxMjAwMDAwMDAwMDAwfX0="
        },
        {
          "index_key": "firestore.googleapis.com",
          "schema_version": 0,
          "attributes": {
            "check_if_service_has_usage_on_destroy": false,
            "disable_dependent_services": null,
            "disable_on_destroy": false,
            "id": "testegemini-5f266/firestore.googleapis.com",
            "project": "testegemini-5f266",
            "service": "firestore.googleapis.com",
            "timeouts": null
          },
          "sensitive_attributes": [],
          "private": "eyJlMmJmYjczMC1lY2FhLTExZTYtOGY4OC0zNDM2M2JjN2M0YzAiOnsiY3JlYXRlIjoxMjAwMDAwMDAwMDAwLCJkZWxldGUiOjEyMDAwMDAwMDAwMDAsInJlYWQiOjYwMDAwMDAwMDAwMCwidXBkYXRlIjoxMjAwMDAwMDAwMDAwfX0="
        },
        {
          "index_key": "generativelanguage.googleapis.com",
          "schema_version": 0,
          "attributes": {
            "check_if_service_has_usage_on_destroy": false,
            "disable_dependent_services": null,
            "disable_on_destroy": false,
            "id": "testegemini-5f266/generativelanguage.googleapis.com",
            "project": "testegemini-5f266",
            "service": "generativelanguage.googleapis.com",
            "timeouts": null
          },
          "sensitive_attributes": [],
          "private": "eyJlMmJmYjczMC1lY2FhLTExZTYtOGY4OC0zNDM2M2JjN2M0YzAiOnsiY3JlYXRlIjoxMjAwMDAwMDAwMDAwLCJkZWxldGUiOjEyMDAwMDAwMDAwMDAsInJlYWQiOjYwMDAwMDAwMDAwMCwidXBkYXRlIjoxMjAwMDAwMDAwMDAwfX0="
        },
        {
          "index_key": "serviceusage.googleapis.com",
          "schema_version": 0,
          "attributes": {
            "check_if_service_has_usage_on_destroy": false,
            "disable_dependent_services": null,
            "disable_on_destroy": false,
            "id": "testegemini-5f266/serviceusage.googleapis.com",
            "project": "testegemini-5f266",
            "service": "serviceusage.googleapis.com",
            "timeouts": null
          },
          "sensitive_attributes": [],
          "private": "eyJlMmJmYjczMC1lY2FhLTExZTYtOGY4OC0zNDM2M2JjN2M0YzAiOnsiY3JlYXRlIjoxMjAwMDAwMDAwMDAwLCJkZWxldGUiOjEyMDAwMDAwMDAwMDAsInJlYWQiOjYwMDAwMDAwMDAwMCwidXBkYXRlIjoxMjAwMDAwMDAwMDAwfX0="
        }
      ]
    },
    {
      "mode": "managed",
      "type": "google_service_usage_consumer_quota_override",
      "name": "generativelanguage",
      "provider": "provider[\"registry.terraform.io/hashicorp/google-beta\"]",
      "instances": [
        {
          "schema_version": 0,
          "attributes": {
            "dimensions": null,
            "force": true,
            "id": "projects/testegemini-5f266/services/generativelanguage.googleapis.com/consumerQuotaMetrics/generativelanguage.googleapis.com%2Fgenerate_requests_per_model/limits/%2Fmin%2Fmodel%2Fproject/consumerOverrides/Cg1RdW90YU92ZXJyaWRl",
            "limit": "%2Fmin%2Fmodel%2Fproject",
            "metric": "generativelanguage.googleapis.com%2Fgenerate_requests_per_model",
            "name": "Cg1RdW90YU92ZXJyaWRl",
            "override_value": "10",
            "project": "testegemini-5f266",
            "service": "generativelanguage.googleapis.com",
            "timeouts": null
          },
          "sensitive_attributes": [],
          "private": "eyJlMmJmYjczMC1lY2FhLTExZTYtOGY4OC0zNDM2M2JjN2M0YzAiOnsiY3JlYXRlIjoxMjAwMDAwMDAwMDAwLCJkZWxldGUiOjEyMDAwMDAwMDAwMDAsInVwZGF0ZSI6MTIwMDAwMDAwMDAwMH19",
          "dependencies": [
            "google_project_service.services"
          ]
        }
      ]
    },
    {
      "mode": "managed",
      "type": "local_file",
      "name": "environment_ts",
      "provider": "provider[\"registry.terraform.io/hashicorp/local\"]",
      "instances": [
        {
          "schema_version": 0,
          "attributes": {
            "content": "export const environment = {\n  firebase: {\n      apiKey: 'AIzaSyA-mAXWr0k4RLAgyKP3YBRB1JPrCDvGbt0',\n      authDomain: 'testegemini-5f266.firebaseapp.com',\n      databaseURL: '',\n      projectId: 'testegemini-5f266',\n      storageBucket: 'testegemini-5f266.firebasestorage.app',\n      messagingSenderId: '702324080275',\n      appId: '1:702324080275:web:0f46044ee11c5d84061766',\n      measurementId: '',\n  },\n  gemini_api_key: 'AIzaSyA3lY_3ipgbXGVw_zNVC7PIhKUsOobQAG4',\n  debug_token: ''\n};",
            "content_base64": null,
            "content_base64sha256": "E3GwCLMydl9Pq9aEthu7vymwu7kwiTPSL7fGj/edgQI=",
            "content_base64sha512": "hTfcy/T9ve2EbV/ZqSibIwcPKSIUmhCG2PapA5q3laOe9bABiaHqw+W2njHkW6IF0yX+ArxsZt60LEKXLuqCFw==",
            "content_md5": "55b07d5381583f92d3c84390f1151aea",
            "content_sha1": "00a96d2d6cc08b559d792074ce0497289396e348",
            "content_sha256": "1371b008b332765f4fabd684b61bbbbf29b0bbb9308933d22fb7c68ff79d8102",
            "content_sha512": "8537dccbf4fdbded846d5fd9a9289b23070f2922149a1086d8f6a9039ab795a39ef5b00189a1eac3e5b69e31e45ba205d325fe02bc6c66deb42c42972eea8217",
            "directory_permission": "0777",
            "file_permission": "0777",
            "filename": "./src/environments/environments.ts",
            "id": "00a96d2d6cc08b559d792074ce0497289396e348",
            "sensitive_content": null,
            "source": null
          },
          "sensitive_attributes": [
            [
              {
                "type": "get_attr",
                "value": "content"
              }
            ]
          ],
          "dependencies": [
            "data.google_firebase_web_app_config.example",
            "data.google_project.project",
            "google_apikeys_key.generativelanguage",
            "google_firebase_web_app.example",
            "google_project_service.services"
          ]
        }
      ]
    },
    {
      "mode": "managed",
      "type": "local_file",
      "name": "firebaserc",
      "provider": "provider[\"registry.terraform.io/hashicorp/local\"]",
      "instances": [
        {
          "schema_version": 0,
          "attributes": {
            "content": "{\"projects\":{\"default\":\"testegemini-5f266\"}}",
            "content_base64": null,
            "content_base64sha256": "+Vy/I+a6JwS5vv6RzbyDeWkUHmwJQ+7nJrcMAqElagA=",
            "content_base64sha512": "4al9C2JWmwAaZaHh82s/62OeRjEAAnZ54ZhGu0sUl2KmcgZmiUNE9TUkeTbwXhcWRrq2EuDFrPHWsZPHVFNLZw==",
            "content_md5": "e902c772a190628a1753d5471313bf80",
            "content_sha1": "448690a020498924033dfc9f5bdf7f77e6732d74",
            "content_sha256": "f95cbf23e6ba2704b9befe91cdbc837969141e6c0943eee726b70c02a1256a00",
            "content_sha512": "e1a97d0b62569b001a65a1e1f36b3feb639e463100027679e19846bb4b149762a6720666894344f535247936f05e171646bab612e0c5acf1d6b193c754534b67",
            "directory_permission": "0777",
            "file_permission": "0777",
            "filename": "./.firebaserc",
            "id": "448690a020498924033dfc9f5bdf7f77e6732d74",
            "sensitive_content": null,
            "source": null
          },
          "sensitive_attributes": []
        }
      ]
    },
    {
      "mode": "managed",
      "type": "local_file",
      "name": "firestore_rules",
      "provider": "provider[\"registry.terraform.io/hashicorp/local\"]",
      "instances": [
        {
          "schema_version": 0,
          "attributes": {
            "content": "service cloud.firestore {\n  match /databases/{database}/documents/{document=**} {\n    allow read, write: if request.auth != null \u0026\u0026 request.time \u003c timestamp.date(2025, 1, 11);\n  }\n}\n",
            "content_base64": null,
            "content_base64sha256": "sdoqIkZAy7k4LILe2OgFM6TbB3NZT6/xiVee2SHjGjY=",
            "content_base64sha512": "An6gFgtdKHnZ3Gvr7UJmn8GndGxgKesK1AR8Vo2M2AyqCm4H94SyffMhW9pJJWO9n1fjnofRu4PxoTaBrBQQEA==",
            "content_md5": "905a40b811d7f5ed0b58185acebc8bea",
            "content_sha1": "0ef434af1e33644daac1754e833132489538164c",
            "content_sha256": "b1da2a224640cbb9382c82ded8e80533a4db0773594faff189579ed921e31a36",
            "content_sha512": "027ea0160b5d2879d9dc6bebed42669fc1a7746c6029eb0ad4047c568d8cd80caa0a6e07f784b27df3215bda492563bd9f57e39e87d1bb83f1a13681ac141010",
            "directory_permission": "0777",
            "file_permission": "0777",
            "filename": "./firestore.rules",
            "id": "0ef434af1e33644daac1754e833132489538164c",
            "sensitive_content": null,
            "source": null
          },
          "sensitive_attributes": []
        }
      ]
    }
  ],
  "check_results": null
}
